PODS:
  - FlaatSDK (0.1.0)
  - Nimble (7.3.4)
  - Quick (1.2.0)
  - TCNClient (0.1.0)

DEPENDENCIES:
  - FlaatSDK (from `../`)
  - Nimble (~> 7.0)
  - Quick (~> 1.2.0)
  - TCNClient (from `https://github.com/EQWorks/tcn-client-ios.git`, branch `master`)

SPEC REPOS:
  trunk:
    - Nimble
    - Quick

EXTERNAL SOURCES:
  FlaatSDK:
    :path: "../"
  TCNClient:
    :branch: master
    :git: https://github.com/EQWorks/tcn-client-ios.git

CHECKOUT OPTIONS:
  TCNClient:
    :commit: da0c3eca4003a2dfc7feae7ca4e30eade3299253
    :git: https://github.com/EQWorks/tcn-client-ios.git

SPEC CHECKSUMS:
  FlaatSDK: d079f2caa3271966c0a81e65ec7cf20771695999
  Nimble: 051e3d8912d40138fa5591c78594f95fb172af37
  Quick: 58d203b1c5e27fff7229c4c1ae445ad7069a7a08
  TCNClient: cd842bbe21ec317f76dc0e7f48792abab23b833b

PODFILE CHECKSUM: dd27a4cd86f415932e20c1127c784a125b2e1c51

COCOAPODS: 1.9.0
