PODS:
  - FlaatSDK (0.1.0)
  - Nimble (7.3.4)
  - Quick (1.2.0)
  - TCNClient (0.1.0)

DEPENDENCIES:
  - FlaatSDK (from `../`)
  - Nimble (~> 7.0)
  - Quick (~> 1.2.0)
  - TCNClient (from `../../forks/tcn-client-ios`)

SPEC REPOS:
  trunk:
    - Nimble
    - Quick

EXTERNAL SOURCES:
  FlaatSDK:
    :path: "../"
  TCNClient:
    :path: "../../forks/tcn-client-ios"

SPEC CHECKSUMS:
  FlaatSDK: d079f2caa3271966c0a81e65ec7cf20771695999
  Nimble: 051e3d8912d40138fa5591c78594f95fb172af37
  Quick: 58d203b1c5e27fff7229c4c1ae445ad7069a7a08
  TCNClient: e37dd8b10b672b9a882d16b430f32333934fe9d4

PODFILE CHECKSUM: b80c53eddff6f9598601b4667cc5b7165d0a261a

COCOAPODS: 1.9.0
